
Microsoft Visual Studio Solution File, Format Version 12.00
# Visual Studio Version 17
VisualStudioVersion = 17.7.34031.279
MinimumVisualStudioVersion = 10.0.40219.1
Project("{9A19103F-16F7-4668-BE54-9A1E7A4F7556}") = "Singleton", "Singleton\Singleton.csproj", "{BA385DB8-6666-46C1-BCD7-133049B98ADB}"
EndProject
Project("{9A19103F-16F7-4668-BE54-9A1E7A4F7556}") = "AbstractFactory", "AbstractFactory\AbstractFactory.csproj", "{BF0BCF55-A7CD-4A73-AC23-764EA29FE56C}"
EndProject
Project("{FAE04EC0-301F-11D3-BF4B-00C04F79EFBC}") = "Factory", "Factory\Factory.csproj", "{192FD9D1-1F33-4A2D-AE8E-E261569E07FE}"
EndProject
Global
	GlobalSection(SolutionConfigurationPlatforms) = preSolution
		Debug|Any CPU = Debug|Any CPU
		Release|Any CPU = Release|Any CPU
	EndGlobalSection
	GlobalSection(ProjectConfigurationPlatforms) = postSolution
		{BA385DB8-6666-46C1-BCD7-133049B98ADB}.Debug|Any CPU.ActiveCfg = Debug|Any CPU
		{BA385DB8-6666-46C1-BCD7-133049B98ADB}.Debug|Any CPU.Build.0 = Debug|Any CPU
		{BA385DB8-6666-46C1-BCD7-133049B98ADB}.Release|Any CPU.ActiveCfg = Release|Any CPU
		{BA385DB8-6666-46C1-BCD7-133049B98ADB}.Release|Any CPU.Build.0 = Release|Any CPU
		{BF0BCF55-A7CD-4A73-AC23-764EA29FE56C}.Debug|Any CPU.ActiveCfg = Debug|Any CPU
		{BF0BCF55-A7CD-4A73-AC23-764EA29FE56C}.Debug|Any CPU.Build.0 = Debug|Any CPU
		{BF0BCF55-A7CD-4A73-AC23-764EA29FE56C}.Release|Any CPU.ActiveCfg = Release|Any CPU
		{BF0BCF55-A7CD-4A73-AC23-764EA29FE56C}.Release|Any CPU.Build.0 = Release|Any CPU
		{192FD9D1-1F33-4A2D-AE8E-E261569E07FE}.Debug|Any CPU.ActiveCfg = Debug|Any CPU
		{192FD9D1-1F33-4A2D-AE8E-E261569E07FE}.Debug|Any CPU.Build.0 = Debug|Any CPU
		{192FD9D1-1F33-4A2D-AE8E-E261569E07FE}.Release|Any CPU.ActiveCfg = Release|Any CPU
		{192FD9D1-1F33-4A2D-AE8E-E261569E07FE}.Release|Any CPU.Build.0 = Release|Any CPU
	EndGlobalSection
	GlobalSection(SolutionProperties) = preSolution
		HideSolutionNode = FALSE
	EndGlobalSection
	GlobalSection(ExtensibilityGlobals) = postSolution
		SolutionGuid = {184DCE9E-ACA3-41BE-A2F9-CAEDFAD80298}
	EndGlobalSection
EndGlobal
