
Microsoft Visual Studio Solution File, Format Version 12.00
# Visual Studio Version 17
VisualStudioVersion = 17.7.34031.279
MinimumVisualStudioVersion = 10.0.40219.1
Project("{9A19103F-16F7-4668-BE54-9A1E7A4F7556}") = "Singleton", "Singleton\Singleton.csproj", "{BA385DB8-6666-46C1-BCD7-133049B98ADB}"
EndProject
Project("{9A19103F-16F7-4668-BE54-9A1E7A4F7556}") = "AbstractFactory", "AbstractFactory\AbstractFactory.csproj", "{BF0BCF55-A7CD-4A73-AC23-764EA29FE56C}"
EndProject
Project("{FAE04EC0-301F-11D3-BF4B-00C04F79EFBC}") = "Factory", "Factory\Factory.csproj", "{192FD9D1-1F33-4A2D-AE8E-E261569E07FE}"
EndProject
Project("{FAE04EC0-301F-11D3-BF4B-00C04F79EFBC}") = "Builder", "Builder\Builder.csproj", "{749E8715-35C2-4183-A98E-1757BF56A188}"
EndProject
Project("{FAE04EC0-301F-11D3-BF4B-00C04F79EFBC}") = "Decorator", "Decorator\Decorator.csproj", "{3AC37C33-DBB0-48D1-9C1E-54E45B64CE00}"
EndProject
Project("{FAE04EC0-301F-11D3-BF4B-00C04F79EFBC}") = "Mediator", "Mediator\Mediator.csproj", "{DA3FB398-B26E-49FB-9062-471FA5D4D0B5}"
EndProject
Global
	GlobalSection(SolutionConfigurationPlatforms) = preSolution
		Debug|Any CPU = Debug|Any CPU
		Debug|x64 = Debug|x64
		Debug|x86 = Debug|x86
		Release|Any CPU = Release|Any CPU
		Release|x64 = Release|x64
		Release|x86 = Release|x86
	EndGlobalSection
	GlobalSection(ProjectConfigurationPlatforms) = postSolution
		{BA385DB8-6666-46C1-BCD7-133049B98ADB}.Debug|Any CPU.ActiveCfg = Debug|Any CPU
		{BA385DB8-6666-46C1-BCD7-133049B98ADB}.Debug|Any CPU.Build.0 = Debug|Any CPU
		{BA385DB8-6666-46C1-BCD7-133049B98ADB}.Debug|x64.ActiveCfg = Debug|Any CPU
		{BA385DB8-6666-46C1-BCD7-133049B98ADB}.Debug|x64.Build.0 = Debug|Any CPU
		{BA385DB8-6666-46C1-BCD7-133049B98ADB}.Debug|x86.ActiveCfg = Debug|Any CPU
		{BA385DB8-6666-46C1-BCD7-133049B98ADB}.Debug|x86.Build.0 = Debug|Any CPU
		{BA385DB8-6666-46C1-BCD7-133049B98ADB}.Release|Any CPU.ActiveCfg = Release|Any CPU
		{BA385DB8-6666-46C1-BCD7-133049B98ADB}.Release|Any CPU.Build.0 = Release|Any CPU
		{BA385DB8-6666-46C1-BCD7-133049B98ADB}.Release|x64.ActiveCfg = Release|Any CPU
		{BA385DB8-6666-46C1-BCD7-133049B98ADB}.Release|x64.Build.0 = Release|Any CPU
		{BA385DB8-6666-46C1-BCD7-133049B98ADB}.Release|x86.ActiveCfg = Release|Any CPU
		{BA385DB8-6666-46C1-BCD7-133049B98ADB}.Release|x86.Build.0 = Release|Any CPU
		{BF0BCF55-A7CD-4A73-AC23-764EA29FE56C}.Debug|Any CPU.ActiveCfg = Debug|Any CPU
		{BF0BCF55-A7CD-4A73-AC23-764EA29FE56C}.Debug|Any CPU.Build.0 = Debug|Any CPU
		{BF0BCF55-A7CD-4A73-AC23-764EA29FE56C}.Debug|x64.ActiveCfg = Debug|Any CPU
		{BF0BCF55-A7CD-4A73-AC23-764EA29FE56C}.Debug|x64.Build.0 = Debug|Any CPU
		{BF0BCF55-A7CD-4A73-AC23-764EA29FE56C}.Debug|x86.ActiveCfg = Debug|Any CPU
		{BF0BCF55-A7CD-4A73-AC23-764EA29FE56C}.Debug|x86.Build.0 = Debug|Any CPU
		{BF0BCF55-A7CD-4A73-AC23-764EA29FE56C}.Release|Any CPU.ActiveCfg = Release|Any CPU
		{BF0BCF55-A7CD-4A73-AC23-764EA29FE56C}.Release|Any CPU.Build.0 = Release|Any CPU
		{BF0BCF55-A7CD-4A73-AC23-764EA29FE56C}.Release|x64.ActiveCfg = Release|Any CPU
		{BF0BCF55-A7CD-4A73-AC23-764EA29FE56C}.Release|x64.Build.0 = Release|Any CPU
		{BF0BCF55-A7CD-4A73-AC23-764EA29FE56C}.Release|x86.ActiveCfg = Release|Any CPU
		{BF0BCF55-A7CD-4A73-AC23-764EA29FE56C}.Release|x86.Build.0 = Release|Any CPU
		{192FD9D1-1F33-4A2D-AE8E-E261569E07FE}.Debug|Any CPU.ActiveCfg = Debug|Any CPU
		{192FD9D1-1F33-4A2D-AE8E-E261569E07FE}.Debug|Any CPU.Build.0 = Debug|Any CPU
		{192FD9D1-1F33-4A2D-AE8E-E261569E07FE}.Debug|x64.ActiveCfg = Debug|Any CPU
		{192FD9D1-1F33-4A2D-AE8E-E261569E07FE}.Debug|x64.Build.0 = Debug|Any CPU
		{192FD9D1-1F33-4A2D-AE8E-E261569E07FE}.Debug|x86.ActiveCfg = Debug|Any CPU
		{192FD9D1-1F33-4A2D-AE8E-E261569E07FE}.Debug|x86.Build.0 = Debug|Any CPU
		{192FD9D1-1F33-4A2D-AE8E-E261569E07FE}.Release|Any CPU.ActiveCfg = Release|Any CPU
		{192FD9D1-1F33-4A2D-AE8E-E261569E07FE}.Release|Any CPU.Build.0 = Release|Any CPU
		{192FD9D1-1F33-4A2D-AE8E-E261569E07FE}.Release|x64.ActiveCfg = Release|Any CPU
		{192FD9D1-1F33-4A2D-AE8E-E261569E07FE}.Release|x64.Build.0 = Release|Any CPU
		{192FD9D1-1F33-4A2D-AE8E-E261569E07FE}.Release|x86.ActiveCfg = Release|Any CPU
		{192FD9D1-1F33-4A2D-AE8E-E261569E07FE}.Release|x86.Build.0 = Release|Any CPU
		{749E8715-35C2-4183-A98E-1757BF56A188}.Debug|Any CPU.ActiveCfg = Debug|Any CPU
		{749E8715-35C2-4183-A98E-1757BF56A188}.Debug|Any CPU.Build.0 = Debug|Any CPU
		{749E8715-35C2-4183-A98E-1757BF56A188}.Debug|x64.ActiveCfg = Debug|Any CPU
		{749E8715-35C2-4183-A98E-1757BF56A188}.Debug|x64.Build.0 = Debug|Any CPU
		{749E8715-35C2-4183-A98E-1757BF56A188}.Debug|x86.ActiveCfg = Debug|Any CPU
		{749E8715-35C2-4183-A98E-1757BF56A188}.Debug|x86.Build.0 = Debug|Any CPU
		{749E8715-35C2-4183-A98E-1757BF56A188}.Release|Any CPU.ActiveCfg = Release|Any CPU
		{749E8715-35C2-4183-A98E-1757BF56A188}.Release|Any CPU.Build.0 = Release|Any CPU
		{749E8715-35C2-4183-A98E-1757BF56A188}.Release|x64.ActiveCfg = Release|Any CPU
		{749E8715-35C2-4183-A98E-1757BF56A188}.Release|x64.Build.0 = Release|Any CPU
		{749E8715-35C2-4183-A98E-1757BF56A188}.Release|x86.ActiveCfg = Release|Any CPU
		{749E8715-35C2-4183-A98E-1757BF56A188}.Release|x86.Build.0 = Release|Any CPU
		{3AC37C33-DBB0-48D1-9C1E-54E45B64CE00}.Debug|Any CPU.ActiveCfg = Debug|Any CPU
		{3AC37C33-DBB0-48D1-9C1E-54E45B64CE00}.Debug|Any CPU.Build.0 = Debug|Any CPU
		{3AC37C33-DBB0-48D1-9C1E-54E45B64CE00}.Debug|x64.ActiveCfg = Debug|Any CPU
		{3AC37C33-DBB0-48D1-9C1E-54E45B64CE00}.Debug|x64.Build.0 = Debug|Any CPU
		{3AC37C33-DBB0-48D1-9C1E-54E45B64CE00}.Debug|x86.ActiveCfg = Debug|Any CPU
		{3AC37C33-DBB0-48D1-9C1E-54E45B64CE00}.Debug|x86.Build.0 = Debug|Any CPU
		{3AC37C33-DBB0-48D1-9C1E-54E45B64CE00}.Release|Any CPU.ActiveCfg = Release|Any CPU
		{3AC37C33-DBB0-48D1-9C1E-54E45B64CE00}.Release|Any CPU.Build.0 = Release|Any CPU
		{3AC37C33-DBB0-48D1-9C1E-54E45B64CE00}.Release|x64.ActiveCfg = Release|Any CPU
		{3AC37C33-DBB0-48D1-9C1E-54E45B64CE00}.Release|x64.Build.0 = Release|Any CPU
		{3AC37C33-DBB0-48D1-9C1E-54E45B64CE00}.Release|x86.ActiveCfg = Release|Any CPU
		{3AC37C33-DBB0-48D1-9C1E-54E45B64CE00}.Release|x86.Build.0 = Release|Any CPU
		{DA3FB398-B26E-49FB-9062-471FA5D4D0B5}.Debug|Any CPU.ActiveCfg = Debug|Any CPU
		{DA3FB398-B26E-49FB-9062-471FA5D4D0B5}.Debug|Any CPU.Build.0 = Debug|Any CPU
		{DA3FB398-B26E-49FB-9062-471FA5D4D0B5}.Debug|x64.ActiveCfg = Debug|Any CPU
		{DA3FB398-B26E-49FB-9062-471FA5D4D0B5}.Debug|x64.Build.0 = Debug|Any CPU
		{DA3FB398-B26E-49FB-9062-471FA5D4D0B5}.Debug|x86.ActiveCfg = Debug|Any CPU
		{DA3FB398-B26E-49FB-9062-471FA5D4D0B5}.Debug|x86.Build.0 = Debug|Any CPU
		{DA3FB398-B26E-49FB-9062-471FA5D4D0B5}.Release|Any CPU.ActiveCfg = Release|Any CPU
		{DA3FB398-B26E-49FB-9062-471FA5D4D0B5}.Release|Any CPU.Build.0 = Release|Any CPU
		{DA3FB398-B26E-49FB-9062-471FA5D4D0B5}.Release|x64.ActiveCfg = Release|Any CPU
		{DA3FB398-B26E-49FB-9062-471FA5D4D0B5}.Release|x64.Build.0 = Release|Any CPU
		{DA3FB398-B26E-49FB-9062-471FA5D4D0B5}.Release|x86.ActiveCfg = Release|Any CPU
		{DA3FB398-B26E-49FB-9062-471FA5D4D0B5}.Release|x86.Build.0 = Release|Any CPU
	EndGlobalSection
	GlobalSection(SolutionProperties) = preSolution
		HideSolutionNode = FALSE
	EndGlobalSection
	GlobalSection(ExtensibilityGlobals) = postSolution
		SolutionGuid = {184DCE9E-ACA3-41BE-A2F9-CAEDFAD80298}
	EndGlobalSection
EndGlobal
